<?xml version="1.0" encoding="utf-8"?>
<Project ToolsVersion="4.0" xmlns="http://schemas.microsoft.com/developer/msbuild/2003">
  <ItemGroup>
    <ClCompile Include="quatn.cpp">
      <Filter>Math</Filter>
    </ClCompile>
    <ClCompile Include="vector3d.cpp">
      <Filter>Math</Filter>
    </ClCompile>
    <ClCompile Include="boundsAABB.cpp">
      <Filter>Math</Filter>
    </ClCompile>
    <ClCompile Include="Controller.cpp">
      <Filter>Controllers</Filter>
    </ClCompile>
    <ClCompile Include="Matrix4d.cpp">
      <Filter>Math</Filter>
    </ClCompile>
    <ClCompile Include="GUIUtils.cpp">
      <Filter>IK\GUI</Filter>
    </ClCompile>
    <ClCompile Include="MetalKittenIK.cpp" />
    <ClCompile Include="IKSolver.cpp">
      <Filter>IK</Filter>
    </ClCompile>
    <ClCompile Include="ConjugateGradientSolver.cpp">
      <Filter>Math</Filter>
    </ClCompile>
    <ClCompile Include="bone.cpp">
      <Filter>IK\bones</Filter>
    </ClCompile>
    <ClCompile Include="Matrix3d.cpp">
      <Filter>Math</Filter>
    </ClCompile>
    <ClCompile Include="BallJointBone.cpp">
      <Filter>IK\bones</Filter>
    </ClCompile>
    <ClCompile Include="HingeJointBone.cpp">
      <Filter>IK\bones</Filter>
    </ClCompile>
    <ClCompile Include="ArticulatedBody.cpp">
      <Filter>IK</Filter>
    </ClCompile>
  </ItemGroup>
  <ItemGroup>
    <ClInclude Include="quatn.h">
      <Filter>Math</Filter>
    </ClInclude>
    <ClInclude Include="vector3d.h">
      <Filter>Math</Filter>
    </ClInclude>
    <ClInclude Include="bounds.h">
      <Filter>Math</Filter>
    </ClInclude>
    <ClInclude Include="boundsAABB.h">
      <Filter>Math</Filter>
    </ClInclude>
    <ClInclude Include="Controller.h">
      <Filter>Controllers</Filter>
    </ClInclude>
    <ClInclude Include="defines.h">
      <Filter>Utils</Filter>
    </ClInclude>
    <ClInclude Include="includes.h">
      <Filter>Utils</Filter>
    </ClInclude>
    <ClInclude Include="QuickArray.h">
      <Filter>Utils</Filter>
    </ClInclude>
    <ClInclude Include="Matrix4d.h">
      <Filter>Math</Filter>
    </ClInclude>
    <ClInclude Include="GUIUtils.h">
      <Filter>IK\GUI</Filter>
    </ClInclude>
    <ClInclude Include="GenMatrix.h">
      <Filter>Math</Filter>
    </ClInclude>
    <ClInclude Include="IKSolver.h">
      <Filter>IK</Filter>
    </ClInclude>
    <ClInclude Include="ConjugateGradientSolver.h">
      <Filter>Math</Filter>
    </ClInclude>
    <ClInclude Include="ConstrainedRows.h">
      <Filter>Math</Filter>
    </ClInclude>
    <ClInclude Include="bone.h">
      <Filter>IK\bones</Filter>
    </ClInclude>
    <ClInclude Include="Matrix3d.h">
      <Filter>Math</Filter>
    </ClInclude>
    <ClInclude Include="BallJointBone.h">
      <Filter>IK\bones</Filter>
    </ClInclude>
    <ClInclude Include="HingeJointBone.h">
      <Filter>IK\bones</Filter>
    </ClInclude>
    <ClInclude Include="ArticulatedBody.h">
      <Filter>IK</Filter>
    </ClInclude>
    <ClInclude Include="ArticulatedDefines.h">
      <Filter>IK</Filter>
    </ClInclude>
  </ItemGroup>
  <ItemGroup>
    <Filter Include="Math">
      <UniqueIdentifier>{77054473-364f-44ea-94f1-367f1edca7ac}</UniqueIdentifier>
    </Filter>
    <Filter Include="Controllers">
      <UniqueIdentifier>{f871b09d-84a1-4c70-978b-d894155749e0}</UniqueIdentifier>
    </Filter>
    <Filter Include="Utils">
      <UniqueIdentifier>{73a9328b-7b32-43ab-8cb6-7be3d73a3707}</UniqueIdentifier>
    </Filter>
    <Filter Include="IK">
      <UniqueIdentifier>{fdd3776d-c370-490d-85bf-668f4be93cc9}</UniqueIdentifier>
    </Filter>
    <Filter Include="unused">
      <UniqueIdentifier>{c424e5b4-1baa-4747-b49b-a2fc230db938}</UniqueIdentifier>
    </Filter>
    <Filter Include="IK\GUI">
      <UniqueIdentifier>{7f25ecca-05d9-4407-b5c3-0e49c0f15903}</UniqueIdentifier>
    </Filter>
    <Filter Include="IK\bones">
      <UniqueIdentifier>{0cd398a9-79a6-4338-942c-eff73ae0bc0b}</UniqueIdentifier>
    </Filter>
  </ItemGroup>
</Project>